
Microsoft Visual Studio Solution File, Format Version 12.00
# Visual Studio Version 17
VisualStudioVersion = 17.0.31903.59
MinimumVisualStudioVersion = 10.0.40219.1
Project("{FAE04EC0-301F-11D3-BF4B-00C04F79EFBC}") = "arc3", "ARC3\arc3.csproj", "{2EB1C278-5516-4AFD-A214-AD9FE56B6556}"
EndProject
Project("{FAE04EC0-301F-11D3-BF4B-00C04F79EFBC}") = "ARC3Test", "ARC3Test\ARC3Test.csproj", "{884370F2-046D-40B9-9281-94DB685FAFA9}"
EndProject
Global
	GlobalSection(SolutionConfigurationPlatforms) = preSolution
		Debug|Any CPU = Debug|Any CPU
		Release|Any CPU = Release|Any CPU
	EndGlobalSection
	GlobalSection(SolutionProperties) = preSolution
		HideSolutionNode = FALSE
	EndGlobalSection
	GlobalSection(ProjectConfigurationPlatforms) = postSolution
		{2EB1C278-5516-4AFD-A214-AD9FE56B6556}.Debug|Any CPU.ActiveCfg = Debug|Any CPU
		{2EB1C278-5516-4AFD-A214-AD9FE56B6556}.Debug|Any CPU.Build.0 = Debug|Any CPU
		{2EB1C278-5516-4AFD-A214-AD9FE56B6556}.Release|Any CPU.ActiveCfg = Release|Any CPU
		{2EB1C278-5516-4AFD-A214-AD9FE56B6556}.Release|Any CPU.Build.0 = Release|Any CPU
		{884370F2-046D-40B9-9281-94DB685FAFA9}.Debug|Any CPU.ActiveCfg = Debug|Any CPU
		{884370F2-046D-40B9-9281-94DB685FAFA9}.Debug|Any CPU.Build.0 = Debug|Any CPU
		{884370F2-046D-40B9-9281-94DB685FAFA9}.Release|Any CPU.ActiveCfg = Release|Any CPU
		{884370F2-046D-40B9-9281-94DB685FAFA9}.Release|Any CPU.Build.0 = Release|Any CPU
	EndGlobalSection
EndGlobal
